
Microsoft Visual Studio Solution File, Format Version 12.00
# Visual Studio 15
VisualStudioVersion = 15.0.27130.2024
MinimumVisualStudioVersion = 10.0.40219.1
Project("{FAE04EC0-301F-11D3-BF4B-00C04F79EFBC}") = "My.Package", "My.Package\My.Package.csproj", "{BD046E7C-7D2E-4FE5-B04A-A18169C355FD}"
EndProject
Global
	GlobalSection(SolutionConfigurationPlatforms) = preSolution
		Debug|Any CPU = Debug|Any CPU
		Release|Any CPU = Release|Any CPU
	EndGlobalSection
	GlobalSection(ProjectConfigurationPlatforms) = postSolution
		{BD046E7C-7D2E-4FE5-B04A-A18169C355FD}.Debug|Any CPU.ActiveCfg = Debug|Any CPU
		{BD046E7C-7D2E-4FE5-B04A-A18169C355FD}.Debug|Any CPU.Build.0 = Debug|Any CPU
		{BD046E7C-7D2E-4FE5-B04A-A18169C355FD}.Release|Any CPU.ActiveCfg = Release|Any CPU
		{BD046E7C-7D2E-4FE5-B04A-A18169C355FD}.Release|Any CPU.Build.0 = Release|Any CPU
	EndGlobalSection
	GlobalSection(SolutionProperties) = preSolution
		HideSolutionNode = FALSE
	EndGlobalSection
	GlobalSection(ExtensibilityGlobals) = postSolution
		SolutionGuid = {75F1B80B-2F02-46DB-8EAB-05E90C2796FD}
	EndGlobalSection
EndGlobal
